
Microsoft Visual Studio Solution File, Format Version 12.00
# Visual Studio 2012
Project("{8BC9CEB8-8B4A-11D0-8D11-00A0C91BC942}") = "25-11-1cw", "25-11-1cw\25-11-1cw.vcxproj", "{AD511F39-3378-4771-A506-A4F1B37B3B4B}"
EndProject
Global
	GlobalSection(SolutionConfigurationPlatforms) = preSolution
		Debug|Win32 = Debug|Win32
		Release|Win32 = Release|Win32
	EndGlobalSection
	GlobalSection(ProjectConfigurationPlatforms) = postSolution
		{AD511F39-3378-4771-A506-A4F1B37B3B4B}.Debug|Win32.ActiveCfg = Debug|Win32
		{AD511F39-3378-4771-A506-A4F1B37B3B4B}.Debug|Win32.Build.0 = Debug|Win32
		{AD511F39-3378-4771-A506-A4F1B37B3B4B}.Release|Win32.ActiveCfg = Release|Win32
		{AD511F39-3378-4771-A506-A4F1B37B3B4B}.Release|Win32.Build.0 = Release|Win32
	EndGlobalSection
	GlobalSection(SolutionProperties) = preSolution
		HideSolutionNode = FALSE
	EndGlobalSection
EndGlobal
