
Microsoft Visual Studio Solution File, Format Version 12.00
# Visual Studio 2012
Project("{8BC9CEB8-8B4A-11D0-8D11-00A0C91BC942}") = "21-10-1hw", "21-10-1hw\21-10-1hw.vcxproj", "{F4B90E0A-6904-4DE2-8AC5-52FAD6CA05A6}"
EndProject
Global
	GlobalSection(SolutionConfigurationPlatforms) = preSolution
		Debug|Win32 = Debug|Win32
		Release|Win32 = Release|Win32
	EndGlobalSection
	GlobalSection(ProjectConfigurationPlatforms) = postSolution
		{F4B90E0A-6904-4DE2-8AC5-52FAD6CA05A6}.Debug|Win32.ActiveCfg = Debug|Win32
		{F4B90E0A-6904-4DE2-8AC5-52FAD6CA05A6}.Debug|Win32.Build.0 = Debug|Win32
		{F4B90E0A-6904-4DE2-8AC5-52FAD6CA05A6}.Release|Win32.ActiveCfg = Release|Win32
		{F4B90E0A-6904-4DE2-8AC5-52FAD6CA05A6}.Release|Win32.Build.0 = Release|Win32
	EndGlobalSection
	GlobalSection(SolutionProperties) = preSolution
		HideSolutionNode = FALSE
	EndGlobalSection
EndGlobal
