
Microsoft Visual Studio Solution File, Format Version 12.00
# Visual Studio 2012
Project("{8BC9CEB8-8B4A-11D0-8D11-00A0C91BC942}") = "20-09-3", "20-09-3\20-09-3.vcxproj", "{A3BC9BFF-D3DA-4B42-B4C2-DB0BBE7AC942}"
EndProject
Global
	GlobalSection(SolutionConfigurationPlatforms) = preSolution
		Debug|Win32 = Debug|Win32
		Release|Win32 = Release|Win32
	EndGlobalSection
	GlobalSection(ProjectConfigurationPlatforms) = postSolution
		{A3BC9BFF-D3DA-4B42-B4C2-DB0BBE7AC942}.Debug|Win32.ActiveCfg = Debug|Win32
		{A3BC9BFF-D3DA-4B42-B4C2-DB0BBE7AC942}.Debug|Win32.Build.0 = Debug|Win32
		{A3BC9BFF-D3DA-4B42-B4C2-DB0BBE7AC942}.Release|Win32.ActiveCfg = Release|Win32
		{A3BC9BFF-D3DA-4B42-B4C2-DB0BBE7AC942}.Release|Win32.Build.0 = Release|Win32
	EndGlobalSection
	GlobalSection(SolutionProperties) = preSolution
		HideSolutionNode = FALSE
	EndGlobalSection
EndGlobal
