
Microsoft Visual Studio Solution File, Format Version 12.00
# Visual Studio 2012
Project("{8BC9CEB8-8B4A-11D0-8D11-00A0C91BC942}") = "27-10-1cw", "27-10-1cw\27-10-1cw.vcxproj", "{E0CC1BB5-B9CA-491C-8C48-6F283AFBE6A6}"
EndProject
Global
	GlobalSection(SolutionConfigurationPlatforms) = preSolution
		Debug|Win32 = Debug|Win32
		Release|Win32 = Release|Win32
	EndGlobalSection
	GlobalSection(ProjectConfigurationPlatforms) = postSolution
		{E0CC1BB5-B9CA-491C-8C48-6F283AFBE6A6}.Debug|Win32.ActiveCfg = Debug|Win32
		{E0CC1BB5-B9CA-491C-8C48-6F283AFBE6A6}.Debug|Win32.Build.0 = Debug|Win32
		{E0CC1BB5-B9CA-491C-8C48-6F283AFBE6A6}.Release|Win32.ActiveCfg = Release|Win32
		{E0CC1BB5-B9CA-491C-8C48-6F283AFBE6A6}.Release|Win32.Build.0 = Release|Win32
	EndGlobalSection
	GlobalSection(SolutionProperties) = preSolution
		HideSolutionNode = FALSE
	EndGlobalSection
EndGlobal
