
Microsoft Visual Studio Solution File, Format Version 12.00
# Visual Studio 2012
Project("{8BC9CEB8-8B4A-11D0-8D11-00A0C91BC942}") = "chislo Q s proizvedeniem cifr N", "chislo Q s proizvedeniem cifr N\chislo Q s proizvedeniem cifr N.vcxproj", "{F112E31E-4EDE-4BD9-B36A-CD8317BB3382}"
EndProject
Global
	GlobalSection(SolutionConfigurationPlatforms) = preSolution
		Debug|Win32 = Debug|Win32
		Release|Win32 = Release|Win32
	EndGlobalSection
	GlobalSection(ProjectConfigurationPlatforms) = postSolution
		{F112E31E-4EDE-4BD9-B36A-CD8317BB3382}.Debug|Win32.ActiveCfg = Debug|Win32
		{F112E31E-4EDE-4BD9-B36A-CD8317BB3382}.Debug|Win32.Build.0 = Debug|Win32
		{F112E31E-4EDE-4BD9-B36A-CD8317BB3382}.Release|Win32.ActiveCfg = Release|Win32
		{F112E31E-4EDE-4BD9-B36A-CD8317BB3382}.Release|Win32.Build.0 = Release|Win32
	EndGlobalSection
	GlobalSection(SolutionProperties) = preSolution
		HideSolutionNode = FALSE
	EndGlobalSection
EndGlobal
